
Microsoft Visual Studio Solution File, Format Version 12.00
# Visual Studio Version 17
VisualStudioVersion = 17.11.35208.52
MinimumVisualStudioVersion = 10.0.40219.1
Project("{9A19103F-16F7-4668-BE54-9A1E7A4F7556}") = "Generator", "Generator\Generator.csproj", "{468BD89B-086D-4FF7-85B8-21638B6F5015}"
EndProject
Project("{9A19103F-16F7-4668-BE54-9A1E7A4F7556}") = "Example", "Example\Example.csproj", "{5BA8DC8B-B2E6-46CA-A145-56799CCBE65B}"
EndProject
Project("{9A19103F-16F7-4668-BE54-9A1E7A4F7556}") = "Hexa.NET.Libssh2", "Hexa.NET.Libssh2\Hexa.NET.Libssh2.csproj", "{74E98096-4B53-4453-B2D5-B0BDDF2D551E}"
EndProject
Global
	GlobalSection(SolutionConfigurationPlatforms) = preSolution
		Debug|Any CPU = Debug|Any CPU
		Release|Any CPU = Release|Any CPU
	EndGlobalSection
	GlobalSection(ProjectConfigurationPlatforms) = postSolution
		{468BD89B-086D-4FF7-85B8-21638B6F5015}.Debug|Any CPU.ActiveCfg = Debug|Any CPU
		{468BD89B-086D-4FF7-85B8-21638B6F5015}.Debug|Any CPU.Build.0 = Debug|Any CPU
		{468BD89B-086D-4FF7-85B8-21638B6F5015}.Release|Any CPU.ActiveCfg = Release|Any CPU
		{468BD89B-086D-4FF7-85B8-21638B6F5015}.Release|Any CPU.Build.0 = Release|Any CPU
		{5BA8DC8B-B2E6-46CA-A145-56799CCBE65B}.Debug|Any CPU.ActiveCfg = Debug|Any CPU
		{5BA8DC8B-B2E6-46CA-A145-56799CCBE65B}.Debug|Any CPU.Build.0 = Debug|Any CPU
		{5BA8DC8B-B2E6-46CA-A145-56799CCBE65B}.Release|Any CPU.ActiveCfg = Release|Any CPU
		{5BA8DC8B-B2E6-46CA-A145-56799CCBE65B}.Release|Any CPU.Build.0 = Release|Any CPU
		{74E98096-4B53-4453-B2D5-B0BDDF2D551E}.Debug|Any CPU.ActiveCfg = Debug|Any CPU
		{74E98096-4B53-4453-B2D5-B0BDDF2D551E}.Debug|Any CPU.Build.0 = Debug|Any CPU
		{74E98096-4B53-4453-B2D5-B0BDDF2D551E}.Release|Any CPU.ActiveCfg = Release|Any CPU
		{74E98096-4B53-4453-B2D5-B0BDDF2D551E}.Release|Any CPU.Build.0 = Release|Any CPU
	EndGlobalSection
	GlobalSection(SolutionProperties) = preSolution
		HideSolutionNode = FALSE
	EndGlobalSection
	GlobalSection(ExtensibilityGlobals) = postSolution
		SolutionGuid = {D2CC795E-EC1B-48D6-B2D8-9FBBD4784F68}
	EndGlobalSection
EndGlobal
